// !$*UTF8*$!
{
	archiveVersion = 1;
	classes = {
	};
	objectVersion = 46;
	objects = {

/* Begin PBXBuildFile section */
		0141F88BEA8B8F22D21D69EA /* YmSesIosSearhHelp.storyboard in Resources */ = {isa = PBXBuildFile; fileRef = AD4E216C290BCA7901C7FCB9 /* YmSesIosSearhHelp.storyboard */; };
		048C3360BA4A215AE50B067A /* YmSesIosView.storyboard in Resources */ = {isa = PBXBuildFile; fileRef = 095A2012F2CCA2AF2CF8D0CE /* YmSesIosView.storyboard */; };
		05D43F741F79BD2921E71C9F /* YmSesIosViewMasterViewController.swift in Sources */ = {isa = PBXBuildFile; fileRef = D208BBADFBCBB63A81D28858 /* YmSesIosViewMasterViewController.swift */; };
		0ADDA87093F2597017770DCA /* YmSesIosApprove.storyboard in Resources */ = {isa = PBXBuildFile; fileRef = 58D36EE8E14CCE4C4FA6F6D3 /* YmSesIosApprove.storyboard */; };
		101D85A906CCDCA8CC941678 /* YmSesIosSearhHelpDetailViewController.swift in Sources */ = {isa = PBXBuildFile; fileRef = B4CA3C0ABDA67AD4E9754164 /* YmSesIosSearhHelpDetailViewController.swift */; };
		1277F7611F8E66AF0060AF58 /* SAPLogo@2x.png in Resources */ = {isa = PBXBuildFile; fileRef = 1277F7601F8E66AC0060AF58 /* SAPLogo@2x.png */; };
		128604DA1E55B41600C698B5 /* SAPCommon.framework in Frameworks */ = {isa = PBXBuildFile; fileRef = 128604D91E55B41600C698B5 /* SAPCommon.framework */; };
		128604DB1E55B43B00C698B5 /* SAPCommon.framework in Embed Frameworks */ = {isa = PBXBuildFile; fileRef = 128604D91E55B41600C698B5 /* SAPCommon.framework */; settings = {ATTRIBUTES = (CodeSignOnCopy, RemoveHeadersOnCopy, ); }; };
		128B53061F8E667000E64DF6 /* SnapshotViewController.swift in Sources */ = {isa = PBXBuildFile; fileRef = 128B53051F8E667000E64DF6 /* SnapshotViewController.swift */; };
		12D066CF1F4DDB0E0075EBA4 /* ConfigurationProvider.plist in Resources */ = {isa = PBXBuildFile; fileRef = 12D066CE1F4DDB0A0075EBA4 /* ConfigurationProvider.plist */; };
		12E07EF21E96851800460A94 /* CollectionType.swift in Sources */ = {isa = PBXBuildFile; fileRef = 12E07EF11E96851800460A94 /* CollectionType.swift */; };
		12E84FE31F4ECC4A0061C99E /* SAPFioriFlows.framework in Frameworks */ = {isa = PBXBuildFile; fileRef = 12E84FE21F4ECC3E0061C99E /* SAPFioriFlows.framework */; };
		12E84FE41F4ECC4A0061C99E /* SAPFioriFlows.framework in Embed Frameworks */ = {isa = PBXBuildFile; fileRef = 12E84FE21F4ECC3E0061C99E /* SAPFioriFlows.framework */; settings = {ATTRIBUTES = (CodeSignOnCopy, RemoveHeadersOnCopy, ); }; };
		12E84FE51F4ECF220061C99E /* OnboardingManager.swift in Sources */ = {isa = PBXBuildFile; fileRef = 12E84FDE1F4EBD460061C99E /* OnboardingManager.swift */; };
		1551D84CB4ADA4D8CEEAF275 /* YMSESAPPROVALSRVEntitiesStaticResolver.swift in Sources */ = {isa = PBXBuildFile; fileRef = 8E3BA67EC82E54F11C6C3E39 /* YMSESAPPROVALSRVEntitiesStaticResolver.swift */; };
		2B5E9EB50AAFFA5B56CBA931 /* YmSesIosCreateMasterViewController.swift in Sources */ = {isa = PBXBuildFile; fileRef = 6AF1D0E7593F1B3B194D5FE9 /* YmSesIosCreateMasterViewController.swift */; };
		2BDAEF59E600371E46A55BAC /* NotificationDetailViewController.swift in Sources */ = {isa = PBXBuildFile; fileRef = 48B870E2BAC3AC7A88FB80D6 /* NotificationDetailViewController.swift */; };
		3D9353E5481D367FFEC58C47 /* YmSesIosCreate.storyboard in Resources */ = {isa = PBXBuildFile; fileRef = 0F3502104403ACF6021F5580 /* YmSesIosCreate.storyboard */; };
		3E631FD05647E6251C86E25B /* YmSesIosApproveDetailViewController.swift in Sources */ = {isa = PBXBuildFile; fileRef = 6D04A43733B8FA31AC8C61F9 /* YmSesIosApproveDetailViewController.swift */; };
		4DFA042D90645EAD11B67171 /* YmSesIosSearhHelp.swift in Sources */ = {isa = PBXBuildFile; fileRef = 62A826B66CCDCCFFE511F8B5 /* YmSesIosSearhHelp.swift */; };
		50B1721CE68935B727AE2D6C /* YmSesIosApprove.swift in Sources */ = {isa = PBXBuildFile; fileRef = B1640304889E88B1F385099B /* YmSesIosApprove.swift */; };
		61AD234112170ABDDAAAC7FC /* YmSesIosApproveMasterViewController.swift in Sources */ = {isa = PBXBuildFile; fileRef = 34AE2BEC11004CFFAA9593A7 /* YmSesIosApproveMasterViewController.swift */; };
		6977BBB88FF3D23F0F118A96 /* YmSesIosItemsDetailViewController.swift in Sources */ = {isa = PBXBuildFile; fileRef = 48462CE171C2CCBD9FF78FE6 /* YmSesIosItemsDetailViewController.swift */; };
		6FA17B0F76C08CF61B921338 /* Subscription.swift in Sources */ = {isa = PBXBuildFile; fileRef = 739F71BCD93DBF2B1022C9A4 /* Subscription.swift */; };
		755533981F25FD330017A1BC /* SAPOfflineOData.framework in Frameworks */ = {isa = PBXBuildFile; fileRef = 755533971F25FD2A0017A1BC /* SAPOfflineOData.framework */; };
		755533991F25FD330017A1BC /* SAPOfflineOData.framework in Embed Frameworks */ = {isa = PBXBuildFile; fileRef = 755533971F25FD2A0017A1BC /* SAPOfflineOData.framework */; settings = {ATTRIBUTES = (CodeSignOnCopy, RemoveHeadersOnCopy, ); }; };
		756192211DBE1A99007F562C /* SAPOData.framework in Frameworks */ = {isa = PBXBuildFile; fileRef = 7561921A1DBE1A90007F562C /* SAPOData.framework */; };
		756192221DBE1A99007F562C /* SAPOData.framework in Embed Frameworks */ = {isa = PBXBuildFile; fileRef = 7561921A1DBE1A90007F562C /* SAPOData.framework */; settings = {ATTRIBUTES = (CodeSignOnCopy, RemoveHeadersOnCopy, ); }; };
		7569DA531E5C717C00C5D751 /* SAPFoundation.framework in Frameworks */ = {isa = PBXBuildFile; fileRef = 7569DA511E5C716A00C5D751 /* SAPFoundation.framework */; };
		7569DA541E5C717C00C5D751 /* SAPFoundation.framework in Embed Frameworks */ = {isa = PBXBuildFile; fileRef = 7569DA511E5C716A00C5D751 /* SAPFoundation.framework */; settings = {ATTRIBUTES = (CodeSignOnCopy, RemoveHeadersOnCopy, ); }; };
		759BA2701E6821A7001C32BA /* SAPFiori.framework in Frameworks */ = {isa = PBXBuildFile; fileRef = 759BA26F1E6821A7001C32BA /* SAPFiori.framework */; };
		759BA2721E6821AF001C32BA /* SAPFiori.framework in Embed Frameworks */ = {isa = PBXBuildFile; fileRef = 759BA26F1E6821A7001C32BA /* SAPFiori.framework */; settings = {ATTRIBUTES = (CodeSignOnCopy, RemoveHeadersOnCopy, ); }; };
		75AC42D41DAF824D00B445FF /* CollectionsViewController.swift in Sources */ = {isa = PBXBuildFile; fileRef = 75AC42CE1DAF824D00B445FF /* CollectionsViewController.swift */; };
		79B69448DC1737702BB21E3B /* YMSESAPPROVALSRVEntitiesFactory.swift in Sources */ = {isa = PBXBuildFile; fileRef = 0D44DF74F78C6B992585259C /* YMSESAPPROVALSRVEntitiesFactory.swift */; };
		7A1315B91D4B982000A5DA56 /* AppDelegate.swift in Sources */ = {isa = PBXBuildFile; fileRef = 7A1315B81D4B982000A5DA56 /* AppDelegate.swift */; };
		7A1315C21D4B982000A5DA56 /* Assets.xcassets in Resources */ = {isa = PBXBuildFile; fileRef = 7A1315C11D4B982000A5DA56 /* Assets.xcassets */; };
		7A1315C51D4B982000A5DA56 /* LaunchScreen.storyboard in Resources */ = {isa = PBXBuildFile; fileRef = 7A1315C31D4B982000A5DA56 /* LaunchScreen.storyboard */; };
		7A16F06D1FD1B3C700D2FABD /* README.md in Resources */ = {isa = PBXBuildFile; fileRef = 7A16F06C1FD1B3C700D2FABD /* README.md */; };
		7A26CA1C1F31BA8800B156B6 /* CellCreationHelper.swift in Sources */ = {isa = PBXBuildFile; fileRef = 7A26CA1B1F31BA8800B156B6 /* CellCreationHelper.swift */; };
		7A9F6FF61F3883D3000A1815 /* SAPFioriLoadingIndicator.swift in Sources */ = {isa = PBXBuildFile; fileRef = 7A9F6FF51F3883D3000A1815 /* SAPFioriLoadingIndicator.swift */; };
		9605A3985BB29326B16935EB /* NotificationMasterViewController.swift in Sources */ = {isa = PBXBuildFile; fileRef = 5366C412C9281D7EF7D5FDFE /* NotificationMasterViewController.swift */; };
		9624C5C517706806FD7800B7 /* Notification.storyboard in Resources */ = {isa = PBXBuildFile; fileRef = 83D1A37AA927398463BE6BA4 /* Notification.storyboard */; };
		98FFA4BA8D045201917ABABF /* YmSesIosItems.storyboard in Resources */ = {isa = PBXBuildFile; fileRef = 25AB328B656DB54B560D65B5 /* YmSesIosItems.storyboard */; };
		9A62179ED7C6AD03CD1413E7 /* YmSesIosItems.swift in Sources */ = {isa = PBXBuildFile; fileRef = 1D37BAF52612552D4B130687 /* YmSesIosItems.swift */; };
		A0938E25C2BDC173ADC46A39 /* SubscriptionDetailViewController.swift in Sources */ = {isa = PBXBuildFile; fileRef = FC084D227F03BB14C35BAE69 /* SubscriptionDetailViewController.swift */; };
		A57B66C59B308FC799BCECF0 /* YMSESAPPROVALSRVEntitiesMetadata.swift in Sources */ = {isa = PBXBuildFile; fileRef = 4BD0803889358D7B85CA5D9D /* YMSESAPPROVALSRVEntitiesMetadata.swift */; };
		ACDF6431AF3D74B839E551A9 /* YmSesIosCreateDetailViewController.swift in Sources */ = {isa = PBXBuildFile; fileRef = ABF0E8CBAC58B962BDB69EEE /* YmSesIosCreateDetailViewController.swift */; };
		C03A57CFD663826265440FDF /* YmSesIosView.swift in Sources */ = {isa = PBXBuildFile; fileRef = B82A11D7DADE0B8DE47348C5 /* YmSesIosView.swift */; };
		C214861014ED33C5377A7B76 /* YMSESAPPROVALSRVEntitiesMetadataText.swift in Sources */ = {isa = PBXBuildFile; fileRef = E7DF5C80B9911E4DE8ABD720 /* YMSESAPPROVALSRVEntitiesMetadataText.swift */; };
		CBCA7A991E3778A9001AF49E /* Main.storyboard in Resources */ = {isa = PBXBuildFile; fileRef = CBCA7A9B1E3778A9001AF49E /* Main.storyboard */; };
		CE8EECE0A6A8567A32CEC905 /* Notification.swift in Sources */ = {isa = PBXBuildFile; fileRef = 3A95110B97074AF216F45B10 /* Notification.swift */; };
		D2C279B6DE01DBE1822FD463 /* YmSesIosViewDetailViewController.swift in Sources */ = {isa = PBXBuildFile; fileRef = DF226EA3B37441C9C7DF3DA2 /* YmSesIosViewDetailViewController.swift */; };
		D7B8C92901A174B52DFDDC77 /* YmSesIosSearhHelpMasterViewController.swift in Sources */ = {isa = PBXBuildFile; fileRef = 3FCE145035EF2718619C62F7 /* YmSesIosSearhHelpMasterViewController.swift */; };
		E2371841A7CB96C7C21B9C28 /* YMSESAPPROVALSRVEntitiesMetadataChanges.swift in Sources */ = {isa = PBXBuildFile; fileRef = 09C19AEE98D9991ABADA4473 /* YMSESAPPROVALSRVEntitiesMetadataChanges.swift */; };
		E40913140B649A7F8331ECD9 /* Subscription.storyboard in Resources */ = {isa = PBXBuildFile; fileRef = 7145C9020BD20B00D7D459C1 /* Subscription.storyboard */; };
		E56925DE55CAA194CE8EEE70 /* YmSesIosCreate.swift in Sources */ = {isa = PBXBuildFile; fileRef = F2B736C6F89CAC0CA0E0D375 /* YmSesIosCreate.swift */; };
		EC1AE91FA6509DF075983E40 /* YMSESAPPROVALSRVEntities.swift in Sources */ = {isa = PBXBuildFile; fileRef = EB9FFB4CCFD820DCF129D706 /* YMSESAPPROVALSRVEntities.swift */; };
		F5576D7F8E7693EEC2A350E4 /* YmSesIosItemsMasterViewController.swift in Sources */ = {isa = PBXBuildFile; fileRef = 893F3C1F81B7E7BE8AF31B81 /* YmSesIosItemsMasterViewController.swift */; };
		F7A661F9025672F07CA190DB /* YMSESAPPROVALSRVEntitiesMetadataParser.swift in Sources */ = {isa = PBXBuildFile; fileRef = A8EA3112B57E0CEAA3634C63 /* YMSESAPPROVALSRVEntitiesMetadataParser.swift */; };
		F9123361A7C640E7ACC7D963 /* SubscriptionMasterViewController.swift in Sources */ = {isa = PBXBuildFile; fileRef = F678340533BBD50527537F6E /* SubscriptionMasterViewController.swift */; };
/* End PBXBuildFile section */

/* Begin PBXCopyFilesBuildPhase section */
		758AC1C31D5A265200311F39 /* Embed Frameworks */ = {
			isa = PBXCopyFilesBuildPhase;
			buildActionMask = 2147483647;
			dstPath = "";
			dstSubfolderSpec = 10;
			files = (
				7569DA541E5C717C00C5D751 /* SAPFoundation.framework in Embed Frameworks */,
				12E84FE41F4ECC4A0061C99E /* SAPFioriFlows.framework in Embed Frameworks */,
				128604DB1E55B43B00C698B5 /* SAPCommon.framework in Embed Frameworks */,
				755533991F25FD330017A1BC /* SAPOfflineOData.framework in Embed Frameworks */,
				756192221DBE1A99007F562C /* SAPOData.framework in Embed Frameworks */,
				759BA2721E6821AF001C32BA /* SAPFiori.framework in Embed Frameworks */,
			);
			name = "Embed Frameworks";
			runOnlyForDeploymentPostprocessing = 0;
		};
/* End PBXCopyFilesBuildPhase section */

/* Begin PBXFileReference section */
		09C19AEE98D9991ABADA4473 /* YMSESAPPROVALSRVEntitiesMetadataChanges.swift */ = {isa = PBXFileReference; includeInIndex = 1; lastKnownFileType = sourcecode.swift; name = YMSESAPPROVALSRVEntitiesMetadataChanges.swift; path = "Proxy Classes/SES_Approval/internal/YMSESAPPROVALSRVEntitiesMetadataChanges.swift"; sourceTree = "<group>"; };
		0D44DF74F78C6B992585259C /* YMSESAPPROVALSRVEntitiesFactory.swift */ = {isa = PBXFileReference; includeInIndex = 1; lastKnownFileType = sourcecode.swift; name = YMSESAPPROVALSRVEntitiesFactory.swift; path = "Proxy Classes/SES_Approval/internal/YMSESAPPROVALSRVEntitiesFactory.swift"; sourceTree = "<group>"; };
		1277F7601F8E66AC0060AF58 /* SAPLogo@2x.png */ = {isa = PBXFileReference; lastKnownFileType = image.png; path = "SAPLogo@2x.png"; sourceTree = "<group>"; };
		128604D91E55B41600C698B5 /* SAPCommon.framework */ = {isa = PBXFileReference; lastKnownFileType = wrapper.framework; path = SAPCommon.framework; sourceTree = "<group>"; };
		128B53051F8E667000E64DF6 /* SnapshotViewController.swift */ = {isa = PBXFileReference; lastKnownFileType = sourcecode.swift; path = SnapshotViewController.swift; sourceTree = "<group>"; };
		12D066CE1F4DDB0A0075EBA4 /* ConfigurationProvider.plist */ = {isa = PBXFileReference; lastKnownFileType = text.plist.xml; path = ConfigurationProvider.plist; sourceTree = "<group>"; };
		12E07EF11E96851800460A94 /* CollectionType.swift */ = {isa = PBXFileReference; fileEncoding = 4; lastKnownFileType = sourcecode.swift; path = CollectionType.swift; sourceTree = "<group>"; };
		12E84FDE1F4EBD460061C99E /* OnboardingManager.swift */ = {isa = PBXFileReference; lastKnownFileType = sourcecode.swift; path = OnboardingManager.swift; sourceTree = "<group>"; };
		12E84FE21F4ECC3E0061C99E /* SAPFioriFlows.framework */ = {isa = PBXFileReference; lastKnownFileType = wrapper.framework; path = SAPFioriFlows.framework; sourceTree = "<group>"; };
		1D37BAF52612552D4B130687 /* YmSesIosItems.swift */ = {isa = PBXFileReference; includeInIndex = 1; lastKnownFileType = sourcecode.swift; name = YmSesIosItems.swift; path = "Proxy Classes/SES_Approval/public/YmSesIosItems.swift"; sourceTree = "<group>"; };
		1DF299951A24D02AC80D45AE /* Base */ = {isa = PBXFileReference; includeInIndex = 1; lastKnownFileType = file.storyboard; name = Base; path = Base.lproj/YmSesIosCreate.storyboard; sourceTree = "<group>"; };
		34AE2BEC11004CFFAA9593A7 /* YmSesIosApproveMasterViewController.swift */ = {isa = PBXFileReference; includeInIndex = 1; lastKnownFileType = sourcecode.swift; name = YmSesIosApproveMasterViewController.swift; path = YmSesIosApprove/YmSesIosApproveMasterViewController.swift; sourceTree = "<group>"; };
		3A95110B97074AF216F45B10 /* Notification.swift */ = {isa = PBXFileReference; includeInIndex = 1; lastKnownFileType = sourcecode.swift; name = Notification.swift; path = "Proxy Classes/SES_Approval/public/Notification.swift"; sourceTree = "<group>"; };
		3FCE145035EF2718619C62F7 /* YmSesIosSearhHelpMasterViewController.swift */ = {isa = PBXFileReference; includeInIndex = 1; lastKnownFileType = sourcecode.swift; name = YmSesIosSearhHelpMasterViewController.swift; path = YmSesIosSearhHelp/YmSesIosSearhHelpMasterViewController.swift; sourceTree = "<group>"; };
		48462CE171C2CCBD9FF78FE6 /* YmSesIosItemsDetailViewController.swift */ = {isa = PBXFileReference; includeInIndex = 1; lastKnownFileType = sourcecode.swift; name = YmSesIosItemsDetailViewController.swift; path = YmSesIosItems/YmSesIosItemsDetailViewController.swift; sourceTree = "<group>"; };
		48B870E2BAC3AC7A88FB80D6 /* NotificationDetailViewController.swift */ = {isa = PBXFileReference; includeInIndex = 1; lastKnownFileType = sourcecode.swift; name = NotificationDetailViewController.swift; path = Notification/NotificationDetailViewController.swift; sourceTree = "<group>"; };
		4BD0803889358D7B85CA5D9D /* YMSESAPPROVALSRVEntitiesMetadata.swift */ = {isa = PBXFileReference; includeInIndex = 1; lastKnownFileType = sourcecode.swift; name = YMSESAPPROVALSRVEntitiesMetadata.swift; path = "Proxy Classes/SES_Approval/public/YMSESAPPROVALSRVEntitiesMetadata.swift"; sourceTree = "<group>"; };
		5366C412C9281D7EF7D5FDFE /* NotificationMasterViewController.swift */ = {isa = PBXFileReference; includeInIndex = 1; lastKnownFileType = sourcecode.swift; name = NotificationMasterViewController.swift; path = Notification/NotificationMasterViewController.swift; sourceTree = "<group>"; };
		57928B198C507B9BB2531669 /* Base */ = {isa = PBXFileReference; includeInIndex = 1; lastKnownFileType = file.storyboard; name = Base; path = Base.lproj/Notification.storyboard; sourceTree = "<group>"; };
		5C83F231F27DCB7008E1A248 /* Base */ = {isa = PBXFileReference; includeInIndex = 1; lastKnownFileType = file.storyboard; name = Base; path = Base.lproj/YmSesIosView.storyboard; sourceTree = "<group>"; };
		62A826B66CCDCCFFE511F8B5 /* YmSesIosSearhHelp.swift */ = {isa = PBXFileReference; includeInIndex = 1; lastKnownFileType = sourcecode.swift; name = YmSesIosSearhHelp.swift; path = "Proxy Classes/SES_Approval/public/YmSesIosSearhHelp.swift"; sourceTree = "<group>"; };
		6AF1D0E7593F1B3B194D5FE9 /* YmSesIosCreateMasterViewController.swift */ = {isa = PBXFileReference; includeInIndex = 1; lastKnownFileType = sourcecode.swift; name = YmSesIosCreateMasterViewController.swift; path = YmSesIosCreate/YmSesIosCreateMasterViewController.swift; sourceTree = "<group>"; };
		6D04A43733B8FA31AC8C61F9 /* YmSesIosApproveDetailViewController.swift */ = {isa = PBXFileReference; includeInIndex = 1; lastKnownFileType = sourcecode.swift; name = YmSesIosApproveDetailViewController.swift; path = YmSesIosApprove/YmSesIosApproveDetailViewController.swift; sourceTree = "<group>"; };
		739F71BCD93DBF2B1022C9A4 /* Subscription.swift */ = {isa = PBXFileReference; includeInIndex = 1; lastKnownFileType = sourcecode.swift; name = Subscription.swift; path = "Proxy Classes/SES_Approval/public/Subscription.swift"; sourceTree = "<group>"; };
		755533971F25FD2A0017A1BC /* SAPOfflineOData.framework */ = {isa = PBXFileReference; lastKnownFileType = wrapper.framework; path = SAPOfflineOData.framework; sourceTree = "<group>"; };
		7561921A1DBE1A90007F562C /* SAPOData.framework */ = {isa = PBXFileReference; lastKnownFileType = wrapper.framework; path = SAPOData.framework; sourceTree = "<group>"; };
		7569DA511E5C716A00C5D751 /* SAPFoundation.framework */ = {isa = PBXFileReference; lastKnownFileType = wrapper.framework; path = SAPFoundation.framework; sourceTree = "<group>"; };
		759BA26F1E6821A7001C32BA /* SAPFiori.framework */ = {isa = PBXFileReference; lastKnownFileType = wrapper.framework; path = SAPFiori.framework; sourceTree = "<group>"; };
		75AC42CE1DAF824D00B445FF /* CollectionsViewController.swift */ = {isa = PBXFileReference; fileEncoding = 4; lastKnownFileType = sourcecode.swift; path = CollectionsViewController.swift; sourceTree = "<group>"; };
		7A1315B51D4B982000A5DA56 /* SESTest01.app */ = {isa = PBXFileReference; explicitFileType = wrapper.application; includeInIndex = 0; path = SESTest01.app; sourceTree = BUILT_PRODUCTS_DIR; };
		7A1315B81D4B982000A5DA56 /* AppDelegate.swift */ = {isa = PBXFileReference; lastKnownFileType = sourcecode.swift; path = AppDelegate.swift; sourceTree = "<group>"; };
		7A1315C11D4B982000A5DA56 /* Assets.xcassets */ = {isa = PBXFileReference; lastKnownFileType = folder.assetcatalog; path = Assets.xcassets; sourceTree = "<group>"; };
		7A1315C41D4B982000A5DA56 /* Base */ = {isa = PBXFileReference; lastKnownFileType = file.storyboard; name = Base; path = Base.lproj/LaunchScreen.storyboard; sourceTree = "<group>"; };
		7A1315C61D4B982000A5DA56 /* Info.plist */ = {isa = PBXFileReference; lastKnownFileType = text.plist.xml; path = Info.plist; sourceTree = "<group>"; };
		7A16F06C1FD1B3C700D2FABD /* README.md */ = {isa = PBXFileReference; fileEncoding = 4; lastKnownFileType = net.daringfireball.markdown; path = README.md; sourceTree = "<group>"; };
		7A26CA1B1F31BA8800B156B6 /* CellCreationHelper.swift */ = {isa = PBXFileReference; fileEncoding = 4; lastKnownFileType = sourcecode.swift; path = CellCreationHelper.swift; sourceTree = "<group>"; };
		7A9F6FF51F3883D3000A1815 /* SAPFioriLoadingIndicator.swift */ = {isa = PBXFileReference; fileEncoding = 4; lastKnownFileType = sourcecode.swift; path = SAPFioriLoadingIndicator.swift; sourceTree = "<group>"; };
		893F3C1F81B7E7BE8AF31B81 /* YmSesIosItemsMasterViewController.swift */ = {isa = PBXFileReference; includeInIndex = 1; lastKnownFileType = sourcecode.swift; name = YmSesIosItemsMasterViewController.swift; path = YmSesIosItems/YmSesIosItemsMasterViewController.swift; sourceTree = "<group>"; };
		8E3BA67EC82E54F11C6C3E39 /* YMSESAPPROVALSRVEntitiesStaticResolver.swift */ = {isa = PBXFileReference; includeInIndex = 1; lastKnownFileType = sourcecode.swift; name = YMSESAPPROVALSRVEntitiesStaticResolver.swift; path = "Proxy Classes/SES_Approval/internal/YMSESAPPROVALSRVEntitiesStaticResolver.swift"; sourceTree = "<group>"; };
		9D9DF27741BB60EB95A8106D /* Base */ = {isa = PBXFileReference; includeInIndex = 1; lastKnownFileType = file.storyboard; name = Base; path = Base.lproj/YmSesIosSearhHelp.storyboard; sourceTree = "<group>"; };
		9E1EA1F1E93059C8A3A7CE26 /* Base */ = {isa = PBXFileReference; includeInIndex = 1; lastKnownFileType = file.storyboard; name = Base; path = Base.lproj/YmSesIosItems.storyboard; sourceTree = "<group>"; };
		A8EA3112B57E0CEAA3634C63 /* YMSESAPPROVALSRVEntitiesMetadataParser.swift */ = {isa = PBXFileReference; includeInIndex = 1; lastKnownFileType = sourcecode.swift; name = YMSESAPPROVALSRVEntitiesMetadataParser.swift; path = "Proxy Classes/SES_Approval/internal/YMSESAPPROVALSRVEntitiesMetadataParser.swift"; sourceTree = "<group>"; };
		ABF0E8CBAC58B962BDB69EEE /* YmSesIosCreateDetailViewController.swift */ = {isa = PBXFileReference; includeInIndex = 1; lastKnownFileType = sourcecode.swift; name = YmSesIosCreateDetailViewController.swift; path = YmSesIosCreate/YmSesIosCreateDetailViewController.swift; sourceTree = "<group>"; };
		B1640304889E88B1F385099B /* YmSesIosApprove.swift */ = {isa = PBXFileReference; includeInIndex = 1; lastKnownFileType = sourcecode.swift; name = YmSesIosApprove.swift; path = "Proxy Classes/SES_Approval/public/YmSesIosApprove.swift"; sourceTree = "<group>"; };
		B4CA3C0ABDA67AD4E9754164 /* YmSesIosSearhHelpDetailViewController.swift */ = {isa = PBXFileReference; includeInIndex = 1; lastKnownFileType = sourcecode.swift; name = YmSesIosSearhHelpDetailViewController.swift; path = YmSesIosSearhHelp/YmSesIosSearhHelpDetailViewController.swift; sourceTree = "<group>"; };
		B82A11D7DADE0B8DE47348C5 /* YmSesIosView.swift */ = {isa = PBXFileReference; includeInIndex = 1; lastKnownFileType = sourcecode.swift; name = YmSesIosView.swift; path = "Proxy Classes/SES_Approval/public/YmSesIosView.swift"; sourceTree = "<group>"; };
		BF107A65A30090D5D52886A8 /* Base */ = {isa = PBXFileReference; includeInIndex = 1; lastKnownFileType = file.storyboard; name = Base; path = Base.lproj/YmSesIosApprove.storyboard; sourceTree = "<group>"; };
		CB909D801E38CA8800218154 /* Base */ = {isa = PBXFileReference; lastKnownFileType = file.storyboard; name = Base; path = Base.lproj/Main.storyboard; sourceTree = "<group>"; };
		D208BBADFBCBB63A81D28858 /* YmSesIosViewMasterViewController.swift */ = {isa = PBXFileReference; includeInIndex = 1; lastKnownFileType = sourcecode.swift; name = YmSesIosViewMasterViewController.swift; path = YmSesIosView/YmSesIosViewMasterViewController.swift; sourceTree = "<group>"; };
		DF226EA3B37441C9C7DF3DA2 /* YmSesIosViewDetailViewController.swift */ = {isa = PBXFileReference; includeInIndex = 1; lastKnownFileType = sourcecode.swift; name = YmSesIosViewDetailViewController.swift; path = YmSesIosView/YmSesIosViewDetailViewController.swift; sourceTree = "<group>"; };
		E7DF5C80B9911E4DE8ABD720 /* YMSESAPPROVALSRVEntitiesMetadataText.swift */ = {isa = PBXFileReference; includeInIndex = 1; lastKnownFileType = sourcecode.swift; name = YMSESAPPROVALSRVEntitiesMetadataText.swift; path = "Proxy Classes/SES_Approval/internal/YMSESAPPROVALSRVEntitiesMetadataText.swift"; sourceTree = "<group>"; };
		EB9FFB4CCFD820DCF129D706 /* YMSESAPPROVALSRVEntities.swift */ = {isa = PBXFileReference; includeInIndex = 1; lastKnownFileType = sourcecode.swift; name = YMSESAPPROVALSRVEntities.swift; path = "Proxy Classes/SES_Approval/public/YMSESAPPROVALSRVEntities.swift"; sourceTree = "<group>"; };
		F2B736C6F89CAC0CA0E0D375 /* YmSesIosCreate.swift */ = {isa = PBXFileReference; includeInIndex = 1; lastKnownFileType = sourcecode.swift; name = YmSesIosCreate.swift; path = "Proxy Classes/SES_Approval/public/YmSesIosCreate.swift"; sourceTree = "<group>"; };
		F678340533BBD50527537F6E /* SubscriptionMasterViewController.swift */ = {isa = PBXFileReference; includeInIndex = 1; lastKnownFileType = sourcecode.swift; name = SubscriptionMasterViewController.swift; path = Subscription/SubscriptionMasterViewController.swift; sourceTree = "<group>"; };
		FBEAF5021DE82C280B599809 /* Base */ = {isa = PBXFileReference; includeInIndex = 1; lastKnownFileType = file.storyboard; name = Base; path = Base.lproj/Subscription.storyboard; sourceTree = "<group>"; };
		FC084D227F03BB14C35BAE69 /* SubscriptionDetailViewController.swift */ = {isa = PBXFileReference; includeInIndex = 1; lastKnownFileType = sourcecode.swift; name = SubscriptionDetailViewController.swift; path = Subscription/SubscriptionDetailViewController.swift; sourceTree = "<group>"; };
/* End PBXFileReference section */

/* Begin PBXFrameworksBuildPhase section */
		7A1315B21D4B982000A5DA56 /* Frameworks */ = {
			isa = PBXFrameworksBuildPhase;
			buildActionMask = 2147483647;
			files = (
				7569DA531E5C717C00C5D751 /* SAPFoundation.framework in Frameworks */,
				12E84FE31F4ECC4A0061C99E /* SAPFioriFlows.framework in Frameworks */,
				756192211DBE1A99007F562C /* SAPOData.framework in Frameworks */,
				755533981F25FD330017A1BC /* SAPOfflineOData.framework in Frameworks */,
				128604DA1E55B41600C698B5 /* SAPCommon.framework in Frameworks */,
				759BA2701E6821A7001C32BA /* SAPFiori.framework in Frameworks */,
			);
			runOnlyForDeploymentPostprocessing = 0;
		};
/* End PBXFrameworksBuildPhase section */

/* Begin PBXGroup section */
		12D066CB1F4DDAE40075EBA4 /* Onboarding */ = {
			isa = PBXGroup;
			children = (
				12D066CE1F4DDB0A0075EBA4 /* ConfigurationProvider.plist */,
				12E84FDE1F4EBD460061C99E /* OnboardingManager.swift */,
			);
			name = Onboarding;
			sourceTree = "<group>";
		};
		4B4AB18301CC7602AA866592 /* internal */ = {
			isa = PBXGroup;
			children = (
				09C19AEE98D9991ABADA4473 /* YMSESAPPROVALSRVEntitiesMetadataChanges.swift */,
				E7DF5C80B9911E4DE8ABD720 /* YMSESAPPROVALSRVEntitiesMetadataText.swift */,
				A8EA3112B57E0CEAA3634C63 /* YMSESAPPROVALSRVEntitiesMetadataParser.swift */,
				0D44DF74F78C6B992585259C /* YMSESAPPROVALSRVEntitiesFactory.swift */,
				8E3BA67EC82E54F11C6C3E39 /* YMSESAPPROVALSRVEntitiesStaticResolver.swift */,
			);
			name = internal;
			sourceTree = "<group>";
		};
		54518ADCA5DEAD41493F2181 /* Notification */ = {
			isa = PBXGroup;
			children = (
				83D1A37AA927398463BE6BA4 /* Notification.storyboard */,
				5366C412C9281D7EF7D5FDFE /* NotificationMasterViewController.swift */,
				48B870E2BAC3AC7A88FB80D6 /* NotificationDetailViewController.swift */,
			);
			name = Notification;
			sourceTree = "<group>";
		};
		6774BECF40F6973B86EF5D14 /* YmSesIosView */ = {
			isa = PBXGroup;
			children = (
				095A2012F2CCA2AF2CF8D0CE /* YmSesIosView.storyboard */,
				D208BBADFBCBB63A81D28858 /* YmSesIosViewMasterViewController.swift */,
				DF226EA3B37441C9C7DF3DA2 /* YmSesIosViewDetailViewController.swift */,
			);
			name = YmSesIosView;
			sourceTree = "<group>";
		};
		7532C1BB1D5B6917004B03AF /* Model */ = {
			isa = PBXGroup;
			children = (
				12E07EF11E96851800460A94 /* CollectionType.swift */,
			);
			name = Model;
			sourceTree = "<group>";
		};
		755C10B41D5C63B000ECF6A2 /* Utils */ = {
			isa = PBXGroup;
			children = (
				7A9F6FF51F3883D3000A1815 /* SAPFioriLoadingIndicator.swift */,
				7A26CA1B1F31BA8800B156B6 /* CellCreationHelper.swift */,
			);
			name = Utils;
			sourceTree = "<group>";
		};
		75AC42C81DAF80C000B445FF /* ViewControllers */ = {
			isa = PBXGroup;
			children = (
				75AC42CE1DAF824D00B445FF /* CollectionsViewController.swift */,
				128B53051F8E667000E64DF6 /* SnapshotViewController.swift */,
				A09298051609D998C0B7587B /* Subscription */,
				6774BECF40F6973B86EF5D14 /* YmSesIosView */,
				D2833CEB7F865144B1C25DA4 /* YmSesIosApprove */,
				54518ADCA5DEAD41493F2181 /* Notification */,
				A56AEAE751F6405E0E43382A /* YmSesIosSearhHelp */,
				D60311446E6DAF78FD326F2E /* YmSesIosCreate */,
				8175226F2D2A59825DD03612 /* YmSesIosItems */,
			);
			name = ViewControllers;
			sourceTree = "<group>";
		};
		75D373EF1DD1FB0800888D4C /* Proxy Classes */ = {
			isa = PBXGroup;
			children = (
				7C1C35F9E7EE73AF02682637 /* public */,
				4B4AB18301CC7602AA866592 /* internal */,
			);
			name = "Proxy Classes";
			sourceTree = "<group>";
		};
		7A1315AC1D4B982000A5DA56 = {
			isa = PBXGroup;
			children = (
				7A16F06C1FD1B3C700D2FABD /* README.md */,
				7A1315B71D4B982000A5DA56 /* SESTest01 */,
				7A1315B61D4B982000A5DA56 /* Products */,
				7A1315CC1D4B990B00A5DA56 /* Frameworks */,
			);
			sourceTree = "<group>";
		};
		7A1315B61D4B982000A5DA56 /* Products */ = {
			isa = PBXGroup;
			children = (
				7A1315B51D4B982000A5DA56 /* SESTest01.app */,
			);
			name = Products;
			sourceTree = "<group>";
		};
		7A1315B71D4B982000A5DA56 /* SESTest01 */ = {
			isa = PBXGroup;
			children = (
				12D066CB1F4DDAE40075EBA4 /* Onboarding */,
				7532C1BB1D5B6917004B03AF /* Model */,
				75AC42C81DAF80C000B445FF /* ViewControllers */,
				75D373EF1DD1FB0800888D4C /* Proxy Classes */,
				755C10B41D5C63B000ECF6A2 /* Utils */,
				7A1315B81D4B982000A5DA56 /* AppDelegate.swift */,
				CBCA7A9B1E3778A9001AF49E /* Main.storyboard */,
				7A1315C11D4B982000A5DA56 /* Assets.xcassets */,
				7A1315C31D4B982000A5DA56 /* LaunchScreen.storyboard */,
				1277F7601F8E66AC0060AF58 /* SAPLogo@2x.png */,
				7A1315C61D4B982000A5DA56 /* Info.plist */,
			);
			path = SESTest01;
			sourceTree = "<group>";
		};
		7A1315CC1D4B990B00A5DA56 /* Frameworks */ = {
			isa = PBXGroup;
			children = (
				12E84FE21F4ECC3E0061C99E /* SAPFioriFlows.framework */,
				755533971F25FD2A0017A1BC /* SAPOfflineOData.framework */,
				759BA26F1E6821A7001C32BA /* SAPFiori.framework */,
				7569DA511E5C716A00C5D751 /* SAPFoundation.framework */,
				7561921A1DBE1A90007F562C /* SAPOData.framework */,
				128604D91E55B41600C698B5 /* SAPCommon.framework */,
			);
			name = Frameworks;
			sourceTree = "<group>";
		};
		7C1C35F9E7EE73AF02682637 /* public */ = {
			isa = PBXGroup;
			children = (
				EB9FFB4CCFD820DCF129D706 /* YMSESAPPROVALSRVEntities.swift */,
				F2B736C6F89CAC0CA0E0D375 /* YmSesIosCreate.swift */,
				B82A11D7DADE0B8DE47348C5 /* YmSesIosView.swift */,
				62A826B66CCDCCFFE511F8B5 /* YmSesIosSearhHelp.swift */,
				4BD0803889358D7B85CA5D9D /* YMSESAPPROVALSRVEntitiesMetadata.swift */,
				B1640304889E88B1F385099B /* YmSesIosApprove.swift */,
				739F71BCD93DBF2B1022C9A4 /* Subscription.swift */,
				1D37BAF52612552D4B130687 /* YmSesIosItems.swift */,
				3A95110B97074AF216F45B10 /* Notification.swift */,
			);
			name = public;
			sourceTree = "<group>";
		};
		8175226F2D2A59825DD03612 /* YmSesIosItems */ = {
			isa = PBXGroup;
			children = (
				25AB328B656DB54B560D65B5 /* YmSesIosItems.storyboard */,
				893F3C1F81B7E7BE8AF31B81 /* YmSesIosItemsMasterViewController.swift */,
				48462CE171C2CCBD9FF78FE6 /* YmSesIosItemsDetailViewController.swift */,
			);
			name = YmSesIosItems;
			sourceTree = "<group>";
		};
		A09298051609D998C0B7587B /* Subscription */ = {
			isa = PBXGroup;
			children = (
				7145C9020BD20B00D7D459C1 /* Subscription.storyboard */,
				F678340533BBD50527537F6E /* SubscriptionMasterViewController.swift */,
				FC084D227F03BB14C35BAE69 /* SubscriptionDetailViewController.swift */,
			);
			name = Subscription;
			sourceTree = "<group>";
		};
		A56AEAE751F6405E0E43382A /* YmSesIosSearhHelp */ = {
			isa = PBXGroup;
			children = (
				AD4E216C290BCA7901C7FCB9 /* YmSesIosSearhHelp.storyboard */,
				3FCE145035EF2718619C62F7 /* YmSesIosSearhHelpMasterViewController.swift */,
				B4CA3C0ABDA67AD4E9754164 /* YmSesIosSearhHelpDetailViewController.swift */,
			);
			name = YmSesIosSearhHelp;
			sourceTree = "<group>";
		};
		D2833CEB7F865144B1C25DA4 /* YmSesIosApprove */ = {
			isa = PBXGroup;
			children = (
				58D36EE8E14CCE4C4FA6F6D3 /* YmSesIosApprove.storyboard */,
				34AE2BEC11004CFFAA9593A7 /* YmSesIosApproveMasterViewController.swift */,
				6D04A43733B8FA31AC8C61F9 /* YmSesIosApproveDetailViewController.swift */,
			);
			name = YmSesIosApprove;
			sourceTree = "<group>";
		};
		D60311446E6DAF78FD326F2E /* YmSesIosCreate */ = {
			isa = PBXGroup;
			children = (
				0F3502104403ACF6021F5580 /* YmSesIosCreate.storyboard */,
				6AF1D0E7593F1B3B194D5FE9 /* YmSesIosCreateMasterViewController.swift */,
				ABF0E8CBAC58B962BDB69EEE /* YmSesIosCreateDetailViewController.swift */,
			);
			name = YmSesIosCreate;
			sourceTree = "<group>";
		};
/* End PBXGroup section */

/* Begin PBXNativeTarget section */
		7A1315B41D4B982000A5DA56 /* SESTest01 */ = {
			isa = PBXNativeTarget;
			buildConfigurationList = 7A1315C91D4B982000A5DA56 /* Build configuration list for PBXNativeTarget "SESTest01" */;
			buildPhases = (
				7A1315B11D4B982000A5DA56 /* Sources */,
				7A1315B21D4B982000A5DA56 /* Frameworks */,
				7A1315B31D4B982000A5DA56 /* Resources */,
				758AC1C31D5A265200311F39 /* Embed Frameworks */,
			);
			buildRules = (
			);
			dependencies = (
			);
			name = SESTest01;
			productName = SESTest01;
			productReference = 7A1315B51D4B982000A5DA56 /* SESTest01.app */;
			productType = "com.apple.product-type.application";
		};
/* End PBXNativeTarget section */

/* Begin PBXProject section */
		7A1315AD1D4B982000A5DA56 /* Project object */ = {
			isa = PBXProject;
			attributes = {
				LastSwiftUpdateCheck = 0800;
				LastUpgradeCheck = 0900;
				ORGANIZATIONNAME = SAP;
				TargetAttributes = {
					7A1315B41D4B982000A5DA56 = {
						CreatedOnToolsVersion = 8.0;
						DevelopmentTeam = DLYK4YLQ7N;
						LastSwiftMigration = 1000;
						ProvisioningStyle = Automatic;
					};
				};
			};
			buildConfigurationList = 7A1315B01D4B982000A5DA56 /* Build configuration list for PBXProject "SESTest01" */;
			compatibilityVersion = "Xcode 3.2";
			developmentRegion = English;
			hasScannedForEncodings = 0;
			knownRegions = (
				en,
				Base,
			);
			mainGroup = 7A1315AC1D4B982000A5DA56;
			productRefGroup = 7A1315B61D4B982000A5DA56 /* Products */;
			projectDirPath = "";
			projectRoot = "";
			targets = (
				7A1315B41D4B982000A5DA56 /* SESTest01 */,
			);
		};
/* End PBXProject section */

/* Begin PBXResourcesBuildPhase section */
		7A1315B31D4B982000A5DA56 /* Resources */ = {
			isa = PBXResourcesBuildPhase;
			buildActionMask = 2147483647;
			files = (
				7A16F06D1FD1B3C700D2FABD /* README.md in Resources */,
				7A1315C51D4B982000A5DA56 /* LaunchScreen.storyboard in Resources */,
				12D066CF1F4DDB0E0075EBA4 /* ConfigurationProvider.plist in Resources */,
				7A1315C21D4B982000A5DA56 /* Assets.xcassets in Resources */,
				CBCA7A991E3778A9001AF49E /* Main.storyboard in Resources */,
				1277F7611F8E66AF0060AF58 /* SAPLogo@2x.png in Resources */,
				E40913140B649A7F8331ECD9 /* Subscription.storyboard in Resources */,
				048C3360BA4A215AE50B067A /* YmSesIosView.storyboard in Resources */,
				0ADDA87093F2597017770DCA /* YmSesIosApprove.storyboard in Resources */,
				9624C5C517706806FD7800B7 /* Notification.storyboard in Resources */,
				0141F88BEA8B8F22D21D69EA /* YmSesIosSearhHelp.storyboard in Resources */,
				3D9353E5481D367FFEC58C47 /* YmSesIosCreate.storyboard in Resources */,
				98FFA4BA8D045201917ABABF /* YmSesIosItems.storyboard in Resources */,
			);
			runOnlyForDeploymentPostprocessing = 0;
		};
/* End PBXResourcesBuildPhase section */

/* Begin PBXSourcesBuildPhase section */
		7A1315B11D4B982000A5DA56 /* Sources */ = {
			isa = PBXSourcesBuildPhase;
			buildActionMask = 2147483647;
			files = (
				128B53061F8E667000E64DF6 /* SnapshotViewController.swift in Sources */,
				12E84FE51F4ECF220061C99E /* OnboardingManager.swift in Sources */,
				7A9F6FF61F3883D3000A1815 /* SAPFioriLoadingIndicator.swift in Sources */,
				7A26CA1C1F31BA8800B156B6 /* CellCreationHelper.swift in Sources */,
				12E07EF21E96851800460A94 /* CollectionType.swift in Sources */,
				75AC42D41DAF824D00B445FF /* CollectionsViewController.swift in Sources */,
				7A1315B91D4B982000A5DA56 /* AppDelegate.swift in Sources */,
				EC1AE91FA6509DF075983E40 /* YMSESAPPROVALSRVEntities.swift in Sources */,
				E56925DE55CAA194CE8EEE70 /* YmSesIosCreate.swift in Sources */,
				C03A57CFD663826265440FDF /* YmSesIosView.swift in Sources */,
				4DFA042D90645EAD11B67171 /* YmSesIosSearhHelp.swift in Sources */,
				A57B66C59B308FC799BCECF0 /* YMSESAPPROVALSRVEntitiesMetadata.swift in Sources */,
				50B1721CE68935B727AE2D6C /* YmSesIosApprove.swift in Sources */,
				6FA17B0F76C08CF61B921338 /* Subscription.swift in Sources */,
				9A62179ED7C6AD03CD1413E7 /* YmSesIosItems.swift in Sources */,
				CE8EECE0A6A8567A32CEC905 /* Notification.swift in Sources */,
				E2371841A7CB96C7C21B9C28 /* YMSESAPPROVALSRVEntitiesMetadataChanges.swift in Sources */,
				C214861014ED33C5377A7B76 /* YMSESAPPROVALSRVEntitiesMetadataText.swift in Sources */,
				F7A661F9025672F07CA190DB /* YMSESAPPROVALSRVEntitiesMetadataParser.swift in Sources */,
				79B69448DC1737702BB21E3B /* YMSESAPPROVALSRVEntitiesFactory.swift in Sources */,
				1551D84CB4ADA4D8CEEAF275 /* YMSESAPPROVALSRVEntitiesStaticResolver.swift in Sources */,
				F9123361A7C640E7ACC7D963 /* SubscriptionMasterViewController.swift in Sources */,
				A0938E25C2BDC173ADC46A39 /* SubscriptionDetailViewController.swift in Sources */,
				05D43F741F79BD2921E71C9F /* YmSesIosViewMasterViewController.swift in Sources */,
				D2C279B6DE01DBE1822FD463 /* YmSesIosViewDetailViewController.swift in Sources */,
				61AD234112170ABDDAAAC7FC /* YmSesIosApproveMasterViewController.swift in Sources */,
				3E631FD05647E6251C86E25B /* YmSesIosApproveDetailViewController.swift in Sources */,
				9605A3985BB29326B16935EB /* NotificationMasterViewController.swift in Sources */,
				2BDAEF59E600371E46A55BAC /* NotificationDetailViewController.swift in Sources */,
				D7B8C92901A174B52DFDDC77 /* YmSesIosSearhHelpMasterViewController.swift in Sources */,
				101D85A906CCDCA8CC941678 /* YmSesIosSearhHelpDetailViewController.swift in Sources */,
				2B5E9EB50AAFFA5B56CBA931 /* YmSesIosCreateMasterViewController.swift in Sources */,
				ACDF6431AF3D74B839E551A9 /* YmSesIosCreateDetailViewController.swift in Sources */,
				F5576D7F8E7693EEC2A350E4 /* YmSesIosItemsMasterViewController.swift in Sources */,
				6977BBB88FF3D23F0F118A96 /* YmSesIosItemsDetailViewController.swift in Sources */,
			);
			runOnlyForDeploymentPostprocessing = 0;
		};
/* End PBXSourcesBuildPhase section */

/* Begin PBXVariantGroup section */
		095A2012F2CCA2AF2CF8D0CE /* YmSesIosView.storyboard */ = {
			isa = PBXVariantGroup;
			children = (
				5C83F231F27DCB7008E1A248 /* Base */,
			);
			name = YmSesIosView.storyboard;
			path = YmSesIosView;
			sourceTree = "<group>";
		};
		0F3502104403ACF6021F5580 /* YmSesIosCreate.storyboard */ = {
			isa = PBXVariantGroup;
			children = (
				1DF299951A24D02AC80D45AE /* Base */,
			);
			name = YmSesIosCreate.storyboard;
			path = YmSesIosCreate;
			sourceTree = "<group>";
		};
		25AB328B656DB54B560D65B5 /* YmSesIosItems.storyboard */ = {
			isa = PBXVariantGroup;
			children = (
				9E1EA1F1E93059C8A3A7CE26 /* Base */,
			);
			name = YmSesIosItems.storyboard;
			path = YmSesIosItems;
			sourceTree = "<group>";
		};
		58D36EE8E14CCE4C4FA6F6D3 /* YmSesIosApprove.storyboard */ = {
			isa = PBXVariantGroup;
			children = (
				BF107A65A30090D5D52886A8 /* Base */,
			);
			name = YmSesIosApprove.storyboard;
			path = YmSesIosApprove;
			sourceTree = "<group>";
		};
		7145C9020BD20B00D7D459C1 /* Subscription.storyboard */ = {
			isa = PBXVariantGroup;
			children = (
				FBEAF5021DE82C280B599809 /* Base */,
			);
			name = Subscription.storyboard;
			path = Subscription;
			sourceTree = "<group>";
		};
		7A1315C31D4B982000A5DA56 /* LaunchScreen.storyboard */ = {
			isa = PBXVariantGroup;
			children = (
				7A1315C41D4B982000A5DA56 /* Base */,
			);
			name = LaunchScreen.storyboard;
			sourceTree = "<group>";
		};
		83D1A37AA927398463BE6BA4 /* Notification.storyboard */ = {
			isa = PBXVariantGroup;
			children = (
				57928B198C507B9BB2531669 /* Base */,
			);
			name = Notification.storyboard;
			path = Notification;
			sourceTree = "<group>";
		};
		AD4E216C290BCA7901C7FCB9 /* YmSesIosSearhHelp.storyboard */ = {
			isa = PBXVariantGroup;
			children = (
				9D9DF27741BB60EB95A8106D /* Base */,
			);
			name = YmSesIosSearhHelp.storyboard;
			path = YmSesIosSearhHelp;
			sourceTree = "<group>";
		};
		CBCA7A9B1E3778A9001AF49E /* Main.storyboard */ = {
			isa = PBXVariantGroup;
			children = (
				CB909D801E38CA8800218154 /* Base */,
			);
			name = Main.storyboard;
			sourceTree = "<group>";
		};
/* End PBXVariantGroup section */

/* Begin XCBuildConfiguration section */
		7A1315C71D4B982000A5DA56 /* Debug */ = {
			isa = XCBuildConfiguration;
			buildSettings = {
				ALWAYS_SEARCH_USER_PATHS = NO;
				CLANG_ANALYZER_NONNULL = YES;
				CLANG_CXX_LANGUAGE_STANDARD = "gnu++0x";
				CLANG_CXX_LIBRARY = "libc++";
				CLANG_ENABLE_MODULES = YES;
				CLANG_ENABLE_OBJC_ARC = YES;
				CLANG_WARN_BLOCK_CAPTURE_AUTORELEASING = YES;
				CLANG_WARN_BOOL_CONVERSION = YES;
				CLANG_WARN_COMMA = YES;
				CLANG_WARN_CONSTANT_CONVERSION = YES;
				CLANG_WARN_DEPRECATED_OBJC_IMPLEMENTATIONS = YES;
				CLANG_WARN_DIRECT_OBJC_ISA_USAGE = YES_ERROR;
				CLANG_WARN_DOCUMENTATION_COMMENTS = YES;
				CLANG_WARN_EMPTY_BODY = YES;
				CLANG_WARN_ENUM_CONVERSION = YES;
				CLANG_WARN_INFINITE_RECURSION = YES;
				CLANG_WARN_INT_CONVERSION = YES;
				CLANG_WARN_NON_LITERAL_NULL_CONVERSION = YES;
				CLANG_WARN_OBJC_IMPLICIT_RETAIN_SELF = YES;
				CLANG_WARN_OBJC_LITERAL_CONVERSION = YES;
				CLANG_WARN_OBJC_ROOT_CLASS = YES_ERROR;
				CLANG_WARN_RANGE_LOOP_ANALYSIS = YES;
				CLANG_WARN_STRICT_PROTOTYPES = YES;
				CLANG_WARN_SUSPICIOUS_MOVE = YES;
				CLANG_WARN_UNREACHABLE_CODE = YES;
				CLANG_WARN__DUPLICATE_METHOD_MATCH = YES;
				"CODE_SIGN_IDENTITY[sdk=iphoneos*]" = "iPhone Developer";
				COPY_PHASE_STRIP = NO;
				DEBUG_INFORMATION_FORMAT = dwarf;
				ENABLE_STRICT_OBJC_MSGSEND = YES;
				ENABLE_TESTABILITY = YES;
				GCC_C_LANGUAGE_STANDARD = gnu99;
				GCC_DYNAMIC_NO_PIC = NO;
				GCC_NO_COMMON_BLOCKS = YES;
				GCC_OPTIMIZATION_LEVEL = 0;
				GCC_PREPROCESSOR_DEFINITIONS = (
					"DEBUG=1",
					"$(inherited)",
				);
				GCC_WARN_64_TO_32_BIT_CONVERSION = YES;
				GCC_WARN_ABOUT_RETURN_TYPE = YES_ERROR;
				GCC_WARN_UNDECLARED_SELECTOR = YES;
				GCC_WARN_UNINITIALIZED_AUTOS = YES_AGGRESSIVE;
				GCC_WARN_UNUSED_FUNCTION = YES;
				GCC_WARN_UNUSED_VARIABLE = YES;
				IPHONEOS_DEPLOYMENT_TARGET = 11.1;
				LD_RUNPATH_SEARCH_PATHS = "@executable_path/Frameworks";
				MTL_ENABLE_DEBUG_INFO = YES;
				ONLY_ACTIVE_ARCH = YES;
				SDKROOT = iphoneos;
				SWIFT_ACTIVE_COMPILATION_CONDITIONS = DEBUG;
				SWIFT_OPTIMIZATION_LEVEL = "-Onone";
				SWIFT_VERSION = 4.2;
				TARGETED_DEVICE_FAMILY = "1,2";
			};
			name = Debug;
		};
		7A1315C81D4B982000A5DA56 /* Release */ = {
			isa = XCBuildConfiguration;
			buildSettings = {
				ALWAYS_SEARCH_USER_PATHS = NO;
				CLANG_ANALYZER_NONNULL = YES;
				CLANG_CXX_LANGUAGE_STANDARD = "gnu++0x";
				CLANG_CXX_LIBRARY = "libc++";
				CLANG_ENABLE_MODULES = YES;
				CLANG_ENABLE_OBJC_ARC = YES;
				CLANG_WARN_BLOCK_CAPTURE_AUTORELEASING = YES;
				CLANG_WARN_BOOL_CONVERSION = YES;
				CLANG_WARN_COMMA = YES;
				CLANG_WARN_CONSTANT_CONVERSION = YES;
				CLANG_WARN_DEPRECATED_OBJC_IMPLEMENTATIONS = YES;
				CLANG_WARN_DIRECT_OBJC_ISA_USAGE = YES_ERROR;
				CLANG_WARN_DOCUMENTATION_COMMENTS = YES;
				CLANG_WARN_EMPTY_BODY = YES;
				CLANG_WARN_ENUM_CONVERSION = YES;
				CLANG_WARN_INFINITE_RECURSION = YES;
				CLANG_WARN_INT_CONVERSION = YES;
				CLANG_WARN_NON_LITERAL_NULL_CONVERSION = YES;
				CLANG_WARN_OBJC_IMPLICIT_RETAIN_SELF = YES;
				CLANG_WARN_OBJC_LITERAL_CONVERSION = YES;
				CLANG_WARN_OBJC_ROOT_CLASS = YES_ERROR;
				CLANG_WARN_RANGE_LOOP_ANALYSIS = YES;
				CLANG_WARN_STRICT_PROTOTYPES = YES;
				CLANG_WARN_SUSPICIOUS_MOVE = YES;
				CLANG_WARN_UNREACHABLE_CODE = YES;
				CLANG_WARN__DUPLICATE_METHOD_MATCH = YES;
				"CODE_SIGN_IDENTITY[sdk=iphoneos*]" = "iPhone Developer";
				COPY_PHASE_STRIP = NO;
				DEBUG_INFORMATION_FORMAT = "dwarf-with-dsym";
				ENABLE_NS_ASSERTIONS = NO;
				ENABLE_STRICT_OBJC_MSGSEND = YES;
				GCC_C_LANGUAGE_STANDARD = gnu99;
				GCC_NO_COMMON_BLOCKS = YES;
				GCC_WARN_64_TO_32_BIT_CONVERSION = YES;
				GCC_WARN_ABOUT_RETURN_TYPE = YES_ERROR;
				GCC_WARN_UNDECLARED_SELECTOR = YES;
				GCC_WARN_UNINITIALIZED_AUTOS = YES_AGGRESSIVE;
				GCC_WARN_UNUSED_FUNCTION = YES;
				GCC_WARN_UNUSED_VARIABLE = YES;
				IPHONEOS_DEPLOYMENT_TARGET = 11.1;
				LD_RUNPATH_SEARCH_PATHS = "@executable_path/Frameworks";
				MTL_ENABLE_DEBUG_INFO = NO;
				SDKROOT = iphoneos;
				SWIFT_OPTIMIZATION_LEVEL = "-Owholemodule";
				SWIFT_VERSION = 4.2;
				TARGETED_DEVICE_FAMILY = "1,2";
				VALIDATE_PRODUCT = YES;
			};
			name = Release;
		};
		7A1315CA1D4B982000A5DA56 /* Debug */ = {
			isa = XCBuildConfiguration;
			buildSettings = {
				ASSETCATALOG_COMPILER_APPICON_NAME = AppIcon;
				CODE_SIGN_ENTITLEMENTS = "";
				CODE_SIGN_IDENTITY = "iPhone Developer";
				DEVELOPMENT_TEAM = DLYK4YLQ7N;
				EMBED_ASSET_PACKS_IN_PRODUCT_BUNDLE = NO;
				ENABLE_BITCODE = NO;
				FRAMEWORK_SEARCH_PATHS = (
					"$(inherited)",
					"$(PROJECT_DIR)",
				);
				INFOPLIST_FILE = SESTest01/Info.plist;
				IPHONEOS_DEPLOYMENT_TARGET = 11.1;
				LD_RUNPATH_SEARCH_PATHS = "$(inherited) @executable_path/Frameworks";
				PRODUCT_BUNDLE_IDENTIFIER = com.xom.SESTest01;
				PRODUCT_NAME = "$(TARGET_NAME)";
				SWIFT_VERSION = 4.2;
			};
			name = Debug;
		};
		7A1315CB1D4B982000A5DA56 /* Release */ = {
			isa = XCBuildConfiguration;
			buildSettings = {
				ASSETCATALOG_COMPILER_APPICON_NAME = AppIcon;
				CODE_SIGN_ENTITLEMENTS = "";
				CODE_SIGN_IDENTITY = "iPhone Developer";
				DEVELOPMENT_TEAM = DLYK4YLQ7N;
				EMBED_ASSET_PACKS_IN_PRODUCT_BUNDLE = NO;
				ENABLE_BITCODE = NO;
				FRAMEWORK_SEARCH_PATHS = (
					"$(inherited)",
					"$(PROJECT_DIR)",
				);
				INFOPLIST_FILE = SESTest01/Info.plist;
				IPHONEOS_DEPLOYMENT_TARGET = 11.1;
				LD_RUNPATH_SEARCH_PATHS = "$(inherited) @executable_path/Frameworks";
				PRODUCT_BUNDLE_IDENTIFIER = com.xom.SESTest01;
				PRODUCT_NAME = "$(TARGET_NAME)";
				SWIFT_VERSION = 4.2;
			};
			name = Release;
		};
/* End XCBuildConfiguration section */

/* Begin XCConfigurationList section */
		7A1315B01D4B982000A5DA56 /* Build configuration list for PBXProject "SESTest01" */ = {
			isa = XCConfigurationList;
			buildConfigurations = (
				7A1315C71D4B982000A5DA56 /* Debug */,
				7A1315C81D4B982000A5DA56 /* Release */,
			);
			defaultConfigurationIsVisible = 0;
			defaultConfigurationName = Release;
		};
		7A1315C91D4B982000A5DA56 /* Build configuration list for PBXNativeTarget "SESTest01" */ = {
			isa = XCConfigurationList;
			buildConfigurations = (
				7A1315CA1D4B982000A5DA56 /* Debug */,
				7A1315CB1D4B982000A5DA56 /* Release */,
			);
			defaultConfigurationIsVisible = 0;
			defaultConfigurationName = Release;
		};
/* End XCConfigurationList section */
	};
	rootObject = 7A1315AD1D4B982000A5DA56 /* Project object */;
}
